
Microsoft Visual Studio Solution File, Format Version 12.00
# Visual Studio Version 16
VisualStudioVersion = 16.0.29806.167
MinimumVisualStudioVersion = 10.0.40219.1
Project("{FAE04EC0-301F-11D3-BF4B-00C04F79EFBC}") = "async_counters", "async_counters.csproj", "{AEFF69D0-FE9D-4F7E-B7C2-06B2FFE01F98}"
EndProject
Global
	GlobalSection(SolutionConfigurationPlatforms) = preSolution
		Debug|Any CPU = Debug|Any CPU
		Release|Any CPU = Release|Any CPU
	EndGlobalSection
	GlobalSection(ProjectConfigurationPlatforms) = postSolution
		{AEFF69D0-FE9D-4F7E-B7C2-06B2FFE01F98}.Debug|Any CPU.ActiveCfg = Debug|Any CPU
		{AEFF69D0-FE9D-4F7E-B7C2-06B2FFE01F98}.Debug|Any CPU.Build.0 = Debug|Any CPU
		{AEFF69D0-FE9D-4F7E-B7C2-06B2FFE01F98}.Release|Any CPU.ActiveCfg = Release|Any CPU
		{AEFF69D0-FE9D-4F7E-B7C2-06B2FFE01F98}.Release|Any CPU.Build.0 = Release|Any CPU
	EndGlobalSection
	GlobalSection(SolutionProperties) = preSolution
		HideSolutionNode = FALSE
	EndGlobalSection
	GlobalSection(ExtensibilityGlobals) = postSolution
		SolutionGuid = {47041880-0C4C-4748-94F8-79D6AA6CAFAF}
	EndGlobalSection
EndGlobal
